
Microsoft Visual Studio Solution File, Format Version 12.00
# Visual Studio Version 17
VisualStudioVersion = 17.1.32328.378
MinimumVisualStudioVersion = 10.0.40219.1
Project("{FAE04EC0-301F-11D3-BF4B-00C04F79EFBC}") = "App.Api", "App.Api\App.Api.csproj", "{8538E2C6-F512-49DA-8DE6-B1B5C478C758}"
EndProject
Project("{FAE04EC0-301F-11D3-BF4B-00C04F79EFBC}") = "App.Services", "App.Services\App.Services.csproj", "{6B870761-B233-462C-99FE-30BBB7A7B215}"
EndProject
Project("{FAE04EC0-301F-11D3-BF4B-00C04F79EFBC}") = "App.Models", "App.Models\App.Models.csproj", "{FF9D550C-23BA-4170-AEFA-AE236C3E9828}"
EndProject
Project("{FAE04EC0-301F-11D3-BF4B-00C04F79EFBC}") = "App.Repositories", "App.Repositories\App.Repositories.csproj", "{DF711746-68FA-442F-91B0-9FB553FBF929}"
EndProject
Global
	GlobalSection(SolutionConfigurationPlatforms) = preSolution
		Debug|Any CPU = Debug|Any CPU
		Release|Any CPU = Release|Any CPU
	EndGlobalSection
	GlobalSection(ProjectConfigurationPlatforms) = postSolution
		{8538E2C6-F512-49DA-8DE6-B1B5C478C758}.Debug|Any CPU.ActiveCfg = Debug|Any CPU
		{8538E2C6-F512-49DA-8DE6-B1B5C478C758}.Debug|Any CPU.Build.0 = Debug|Any CPU
		{8538E2C6-F512-49DA-8DE6-B1B5C478C758}.Release|Any CPU.ActiveCfg = Release|Any CPU
		{8538E2C6-F512-49DA-8DE6-B1B5C478C758}.Release|Any CPU.Build.0 = Release|Any CPU
		{6B870761-B233-462C-99FE-30BBB7A7B215}.Debug|Any CPU.ActiveCfg = Debug|Any CPU
		{6B870761-B233-462C-99FE-30BBB7A7B215}.Debug|Any CPU.Build.0 = Debug|Any CPU
		{6B870761-B233-462C-99FE-30BBB7A7B215}.Release|Any CPU.ActiveCfg = Release|Any CPU
		{6B870761-B233-462C-99FE-30BBB7A7B215}.Release|Any CPU.Build.0 = Release|Any CPU
		{FF9D550C-23BA-4170-AEFA-AE236C3E9828}.Debug|Any CPU.ActiveCfg = Debug|Any CPU
		{FF9D550C-23BA-4170-AEFA-AE236C3E9828}.Debug|Any CPU.Build.0 = Debug|Any CPU
		{FF9D550C-23BA-4170-AEFA-AE236C3E9828}.Release|Any CPU.ActiveCfg = Release|Any CPU
		{FF9D550C-23BA-4170-AEFA-AE236C3E9828}.Release|Any CPU.Build.0 = Release|Any CPU
		{DF711746-68FA-442F-91B0-9FB553FBF929}.Debug|Any CPU.ActiveCfg = Debug|Any CPU
		{DF711746-68FA-442F-91B0-9FB553FBF929}.Debug|Any CPU.Build.0 = Debug|Any CPU
		{DF711746-68FA-442F-91B0-9FB553FBF929}.Release|Any CPU.ActiveCfg = Release|Any CPU
		{DF711746-68FA-442F-91B0-9FB553FBF929}.Release|Any CPU.Build.0 = Release|Any CPU
	EndGlobalSection
	GlobalSection(SolutionProperties) = preSolution
		HideSolutionNode = FALSE
	EndGlobalSection
	GlobalSection(ExtensibilityGlobals) = postSolution
		SolutionGuid = {ABD7984F-C956-45F5-9352-ECA7CF9F361E}
	EndGlobalSection
EndGlobal
